
Microsoft Visual Studio Solution File, Format Version 12.00
Project("{FAE04EC0-301F-11D3-BF4B-00C04F79EFBC}") = "backend", "backend\backend.csproj", "{C3163D83-47FC-4A1E-A562-E622C538321E}"
EndProject
Global
	GlobalSection(SolutionConfigurationPlatforms) = preSolution
		Debug|Any CPU = Debug|Any CPU
		Release|Any CPU = Release|Any CPU
	EndGlobalSection
	GlobalSection(ProjectConfigurationPlatforms) = postSolution
		{C3163D83-47FC-4A1E-A562-E622C538321E}.Debug|Any CPU.ActiveCfg = Debug|Any CPU
		{C3163D83-47FC-4A1E-A562-E622C538321E}.Debug|Any CPU.Build.0 = Debug|Any CPU
		{C3163D83-47FC-4A1E-A562-E622C538321E}.Release|Any CPU.ActiveCfg = Release|Any CPU
		{C3163D83-47FC-4A1E-A562-E622C538321E}.Release|Any CPU.Build.0 = Release|Any CPU
	EndGlobalSection
EndGlobal
